
Microsoft Visual Studio Solution File, Format Version 12.00
# Visual Studio 14
VisualStudioVersion = 14.0.25123.0
MinimumVisualStudioVersion = 10.0.40219.1
Project("{FAE04EC0-301F-11D3-BF4B-00C04F79EFBC}") = "HourCounter", "HourCounter\HourCounter.csproj", "{685ECE4D-8C30-4772-B84B-698DED93AECE}"
EndProject
Project("{FAE04EC0-301F-11D3-BF4B-00C04F79EFBC}") = "DetailedView", "DetailedView\DetailedView.csproj", "{55B454AF-EF13-42AA-8DFA-76CB58AE3329}"
EndProject
Global
	GlobalSection(SolutionConfigurationPlatforms) = preSolution
		Debug|Any CPU = Debug|Any CPU
		Release|Any CPU = Release|Any CPU
	EndGlobalSection
	GlobalSection(ProjectConfigurationPlatforms) = postSolution
		{685ECE4D-8C30-4772-B84B-698DED93AECE}.Debug|Any CPU.ActiveCfg = Debug|Any CPU
		{685ECE4D-8C30-4772-B84B-698DED93AECE}.Debug|Any CPU.Build.0 = Debug|Any CPU
		{685ECE4D-8C30-4772-B84B-698DED93AECE}.Release|Any CPU.ActiveCfg = Release|Any CPU
		{685ECE4D-8C30-4772-B84B-698DED93AECE}.Release|Any CPU.Build.0 = Release|Any CPU
		{55B454AF-EF13-42AA-8DFA-76CB58AE3329}.Debug|Any CPU.ActiveCfg = Debug|Any CPU
		{55B454AF-EF13-42AA-8DFA-76CB58AE3329}.Debug|Any CPU.Build.0 = Debug|Any CPU
		{55B454AF-EF13-42AA-8DFA-76CB58AE3329}.Release|Any CPU.ActiveCfg = Release|Any CPU
		{55B454AF-EF13-42AA-8DFA-76CB58AE3329}.Release|Any CPU.Build.0 = Release|Any CPU
	EndGlobalSection
	GlobalSection(SolutionProperties) = preSolution
		HideSolutionNode = FALSE
	EndGlobalSection
EndGlobal
