
Microsoft Visual Studio Solution File, Format Version 12.00
# Visual Studio 14
VisualStudioVersion = 14.0.25123.0
MinimumVisualStudioVersion = 10.0.40219.1
Project("{FAE04EC0-301F-11D3-BF4B-00C04F79EFBC}") = "HourCounter", "HourCounter\HourCounter.csproj", "{685ECE4D-8C30-4772-B84B-698DED93AECE}"
EndProject
Project("{FAE04EC0-301F-11D3-BF4B-00C04F79EFBC}") = "ActivityTimer", "ActivityTimer\ActivityTimer.csproj", "{EE3E8080-04A6-4B6B-AAFD-F766B09BEF7A}"
EndProject
Project("{FAE04EC0-301F-11D3-BF4B-00C04F79EFBC}") = "DetailedView", "DetailedView\DetailedView.csproj", "{454D4909-3062-4CA3-BCB0-945E55479D9A}"
EndProject
Project("{FAE04EC0-301F-11D3-BF4B-00C04F79EFBC}") = "TreeListView", "TreeListView\TreeListView.csproj", "{A6DEAA30-8C07-43C0-A7DB-FAC88ABCC65E}"
EndProject
Project("{FAE04EC0-301F-11D3-BF4B-00C04F79EFBC}") = "Activity", "Activity\Activity.csproj", "{7BEA3EFF-5A8D-48B9-AF1E-EB2B7EAD1735}"
EndProject
Project("{FAE04EC0-301F-11D3-BF4B-00C04F79EFBC}") = "HabitUtils", "HabitController\HabitUtils.csproj", "{69AA505E-979F-44AA-923B-920487776543}"
EndProject
Project("{FAE04EC0-301F-11D3-BF4B-00C04F79EFBC}") = "Utils", "Utils\Utils.csproj", "{F3B65998-5424-4E56-B99F-E5C79DBD9407}"
EndProject
Global
	GlobalSection(SolutionConfigurationPlatforms) = preSolution
		Debug|Any CPU = Debug|Any CPU
		Release|Any CPU = Release|Any CPU
	EndGlobalSection
	GlobalSection(ProjectConfigurationPlatforms) = postSolution
		{685ECE4D-8C30-4772-B84B-698DED93AECE}.Debug|Any CPU.ActiveCfg = Debug|Any CPU
		{685ECE4D-8C30-4772-B84B-698DED93AECE}.Debug|Any CPU.Build.0 = Debug|Any CPU
		{685ECE4D-8C30-4772-B84B-698DED93AECE}.Release|Any CPU.ActiveCfg = Release|Any CPU
		{685ECE4D-8C30-4772-B84B-698DED93AECE}.Release|Any CPU.Build.0 = Release|Any CPU
		{EE3E8080-04A6-4B6B-AAFD-F766B09BEF7A}.Debug|Any CPU.ActiveCfg = Debug|Any CPU
		{EE3E8080-04A6-4B6B-AAFD-F766B09BEF7A}.Debug|Any CPU.Build.0 = Debug|Any CPU
		{EE3E8080-04A6-4B6B-AAFD-F766B09BEF7A}.Release|Any CPU.ActiveCfg = Release|Any CPU
		{EE3E8080-04A6-4B6B-AAFD-F766B09BEF7A}.Release|Any CPU.Build.0 = Release|Any CPU
		{454D4909-3062-4CA3-BCB0-945E55479D9A}.Debug|Any CPU.ActiveCfg = Debug|Any CPU
		{454D4909-3062-4CA3-BCB0-945E55479D9A}.Debug|Any CPU.Build.0 = Debug|Any CPU
		{454D4909-3062-4CA3-BCB0-945E55479D9A}.Release|Any CPU.ActiveCfg = Release|Any CPU
		{454D4909-3062-4CA3-BCB0-945E55479D9A}.Release|Any CPU.Build.0 = Release|Any CPU
		{A6DEAA30-8C07-43C0-A7DB-FAC88ABCC65E}.Debug|Any CPU.ActiveCfg = Debug|Any CPU
		{A6DEAA30-8C07-43C0-A7DB-FAC88ABCC65E}.Debug|Any CPU.Build.0 = Debug|Any CPU
		{A6DEAA30-8C07-43C0-A7DB-FAC88ABCC65E}.Release|Any CPU.ActiveCfg = Release|Any CPU
		{A6DEAA30-8C07-43C0-A7DB-FAC88ABCC65E}.Release|Any CPU.Build.0 = Release|Any CPU
		{7BEA3EFF-5A8D-48B9-AF1E-EB2B7EAD1735}.Debug|Any CPU.ActiveCfg = Debug|Any CPU
		{7BEA3EFF-5A8D-48B9-AF1E-EB2B7EAD1735}.Debug|Any CPU.Build.0 = Debug|Any CPU
		{7BEA3EFF-5A8D-48B9-AF1E-EB2B7EAD1735}.Release|Any CPU.ActiveCfg = Release|Any CPU
		{7BEA3EFF-5A8D-48B9-AF1E-EB2B7EAD1735}.Release|Any CPU.Build.0 = Release|Any CPU
		{69AA505E-979F-44AA-923B-920487776543}.Debug|Any CPU.ActiveCfg = Debug|Any CPU
		{69AA505E-979F-44AA-923B-920487776543}.Debug|Any CPU.Build.0 = Debug|Any CPU
		{69AA505E-979F-44AA-923B-920487776543}.Release|Any CPU.ActiveCfg = Release|Any CPU
		{69AA505E-979F-44AA-923B-920487776543}.Release|Any CPU.Build.0 = Release|Any CPU
		{F3B65998-5424-4E56-B99F-E5C79DBD9407}.Debug|Any CPU.ActiveCfg = Debug|Any CPU
		{F3B65998-5424-4E56-B99F-E5C79DBD9407}.Debug|Any CPU.Build.0 = Debug|Any CPU
		{F3B65998-5424-4E56-B99F-E5C79DBD9407}.Release|Any CPU.ActiveCfg = Release|Any CPU
		{F3B65998-5424-4E56-B99F-E5C79DBD9407}.Release|Any CPU.Build.0 = Release|Any CPU
	EndGlobalSection
	GlobalSection(SolutionProperties) = preSolution
		HideSolutionNode = FALSE
	EndGlobalSection
EndGlobal
